github.com/creack/pty v1.1.9/go.mod h1:oKZEueFk5CKHvIhNR5MUki03XCEU+Q6VDXinZuGJ33E=
github.com/fsnotify/fsnotify v1.4.9 h1:hsms1Qyu0jgnwNXIxa+/V/PDsU6CfLf6CNO8H7IWoS4=
github.com/fsnotify/fsnotify v1.4.9/go.mod h1:znqG4EE+3YCdAaPaxE2ZRY/06pZUdp0tY4IgpuI1SZQ=
github.com/jessevdk/go-flags v1.4.0 h1:4IU2WS7AumrZ/40jfhf4QVDMsQwqA7VEHozFRrGARJA=
github.com/jessevdk/go-flags v1.4.0/go.mod h1:4FA24M0QyGHXBuZZK/XkWh8h0e1EYbRYJSGM75WSRxI=
github.com/kr/text v0.2.0 h1:5Nx0Ya0ZqY2ygV366QzturHI13Jq95ApcVaJBhpS+AY=
github.com/kr/text v0.2.0/go.mod h1:eLer722TekiGuMkidMxC/pM04lWEeraHUUmBw8l2grE=
github.com/sylr/go-check/v2 v2.0.0-20200517101417-a4e0d2f98af6 h1:ncpsfZK5iB9ODZSoUiT+ave9HQn77K/qw6RWCDVEFzk=
github.com/sylr/go-check/v2 v2.0.0-20200517101417-a4e0d2f98af6/go.mod h1:l0a1EzRwI+hKWWbcveur/RynUv4bzMQ9CVtZiSYzdPI=
github.com/sylr/go-pretty v0.0.0-20200517092739-d3252c08b3ba h1:Hn9ip9fbQid8YWzLICWyM7/zZpf6WJukYV2uxpLISNQ=
github.com/sylr/go-pretty v0.0.0-20200517092739-d3252c08b3ba/go.mod h1:NFGzlm2xO5mBcIDOXOC6rLDnzlOY6zBavUt/bFruq3A=
github.com/sylr/go-yaml v0.0.0-20200517101938-4dbbae02f875 h1:ai3c+Wq8Vy/BvhqAs6ZBxchPW1prjac6+ujt6Es4NfQ=
github.com/sylr/go-yaml v0.0.0-20200517101938-4dbbae02f875/go.mod h1:VtEl39OgW/TeQ7vYJ/7PuBUreS3umqfV551hPwJ9AKk=
github.com/tailscale/hujson v0.0.0-20190930033718-5098e564d9b3 h1:rdtXEo9yffOjh4vZQJw3heaY+ggXKp+zvMX5fihh6lI=
github.com/tailscale/hujson v0.0.0-20190930033718-5098e564d9b3/go.mod h1:STqf+YV0ADdzk4ejtXFsGqDpATP9JoL0OB+hiFQbkdE=
golang.org/x/sys v0.0.0-20191005200804-aed5e4c7ecf9 h1:L2auWcuQIvxz9xSEqzESnV/QN/gNRXNApHi3fYwl2w0=
golang.org/x/sys v0.0.0-20191005200804-aed5e4c7ecf9/go.mod h1:h1NjWce9XRLGQEsW7wpKNCjG9DtNlClVuFLEZdDNbEs=
golang.org/x/sys v0.0.0-20200515095857-1151b9dac4a9 h1:YTzHMGlqJu67/uEo1lBv0n3wBXhXNeUbB1XfN2vmTm0=
golang.org/x/sys v0.0.0-20200515095857-1151b9dac4a9/go.mod h1:h1NjWce9XRLGQEsW7wpKNCjG9DtNlClVuFLEZdDNbEs=
